
Microsoft Visual Studio Solution File, Format Version 12.00
# Visual Studio Version 17
VisualStudioVersion = 17.0.31903.59
MinimumVisualStudioVersion = 10.0.40219.1
Project("{FAE04EC0-301F-11D3-BF4B-00C04F79EFBC}") = "SIREN.Core", "SIREN.Core\SIREN.Core.csproj", "{06F796F2-E56B-429D-A473-BE3D436AB9FF}"
EndProject
Project("{FAE04EC0-301F-11D3-BF4B-00C04F79EFBC}") = "SIREN.Core.Tests", "SIREN.Core.Tests\SIREN.Core.Tests.csproj", "{29F2303A-0E17-4B7D-9F30-24D0800631CA}"
EndProject
Project("{FAE04EC0-301F-11D3-BF4B-00C04F79EFBC}") = "SIREN.Console", "SIREN.Console\SIREN.Console.csproj", "{B63C095F-0493-477C-81AB-E34025DED080}"
EndProject
Project("{FAE04EC0-301F-11D3-BF4B-00C04F79EFBC}") = "SIREN.API", "SIREN.API\SIREN.API.csproj", "{52D55FE9-7124-4AF2-8470-208E67AF72E9}"
EndProject
Project("{FAE04EC0-301F-11D3-BF4B-00C04F79EFBC}") = "SIREN.API.Tests", "SIREN.API.Tests\SIREN.API.Tests.csproj", "{5197A807-5949-4B08-8499-6559168C559E}"
EndProject
Global
	GlobalSection(SolutionConfigurationPlatforms) = preSolution
		Debug|Any CPU = Debug|Any CPU
		Debug|x64 = Debug|x64
		Debug|x86 = Debug|x86
		Release|Any CPU = Release|Any CPU
		Release|x64 = Release|x64
		Release|x86 = Release|x86
	EndGlobalSection
	GlobalSection(ProjectConfigurationPlatforms) = postSolution
		{06F796F2-E56B-429D-A473-BE3D436AB9FF}.Debug|Any CPU.ActiveCfg = Debug|Any CPU
		{06F796F2-E56B-429D-A473-BE3D436AB9FF}.Debug|Any CPU.Build.0 = Debug|Any CPU
		{06F796F2-E56B-429D-A473-BE3D436AB9FF}.Debug|x64.ActiveCfg = Debug|Any CPU
		{06F796F2-E56B-429D-A473-BE3D436AB9FF}.Debug|x64.Build.0 = Debug|Any CPU
		{06F796F2-E56B-429D-A473-BE3D436AB9FF}.Debug|x86.ActiveCfg = Debug|Any CPU
		{06F796F2-E56B-429D-A473-BE3D436AB9FF}.Debug|x86.Build.0 = Debug|Any CPU
		{06F796F2-E56B-429D-A473-BE3D436AB9FF}.Release|Any CPU.ActiveCfg = Release|Any CPU
		{06F796F2-E56B-429D-A473-BE3D436AB9FF}.Release|Any CPU.Build.0 = Release|Any CPU
		{06F796F2-E56B-429D-A473-BE3D436AB9FF}.Release|x64.ActiveCfg = Release|Any CPU
		{06F796F2-E56B-429D-A473-BE3D436AB9FF}.Release|x64.Build.0 = Release|Any CPU
		{06F796F2-E56B-429D-A473-BE3D436AB9FF}.Release|x86.ActiveCfg = Release|Any CPU
		{06F796F2-E56B-429D-A473-BE3D436AB9FF}.Release|x86.Build.0 = Release|Any CPU
		{29F2303A-0E17-4B7D-9F30-24D0800631CA}.Debug|Any CPU.ActiveCfg = Debug|Any CPU
		{29F2303A-0E17-4B7D-9F30-24D0800631CA}.Debug|Any CPU.Build.0 = Debug|Any CPU
		{29F2303A-0E17-4B7D-9F30-24D0800631CA}.Debug|x64.ActiveCfg = Debug|Any CPU
		{29F2303A-0E17-4B7D-9F30-24D0800631CA}.Debug|x64.Build.0 = Debug|Any CPU
		{29F2303A-0E17-4B7D-9F30-24D0800631CA}.Debug|x86.ActiveCfg = Debug|Any CPU
		{29F2303A-0E17-4B7D-9F30-24D0800631CA}.Debug|x86.Build.0 = Debug|Any CPU
		{29F2303A-0E17-4B7D-9F30-24D0800631CA}.Release|Any CPU.ActiveCfg = Release|Any CPU
		{29F2303A-0E17-4B7D-9F30-24D0800631CA}.Release|Any CPU.Build.0 = Release|Any CPU
		{29F2303A-0E17-4B7D-9F30-24D0800631CA}.Release|x64.ActiveCfg = Release|Any CPU
		{29F2303A-0E17-4B7D-9F30-24D0800631CA}.Release|x64.Build.0 = Release|Any CPU
		{29F2303A-0E17-4B7D-9F30-24D0800631CA}.Release|x86.ActiveCfg = Release|Any CPU
		{29F2303A-0E17-4B7D-9F30-24D0800631CA}.Release|x86.Build.0 = Release|Any CPU
		{B63C095F-0493-477C-81AB-E34025DED080}.Debug|Any CPU.ActiveCfg = Debug|Any CPU
		{B63C095F-0493-477C-81AB-E34025DED080}.Debug|Any CPU.Build.0 = Debug|Any CPU
		{B63C095F-0493-477C-81AB-E34025DED080}.Debug|x64.ActiveCfg = Debug|Any CPU
		{B63C095F-0493-477C-81AB-E34025DED080}.Debug|x64.Build.0 = Debug|Any CPU
		{B63C095F-0493-477C-81AB-E34025DED080}.Debug|x86.ActiveCfg = Debug|Any CPU
		{B63C095F-0493-477C-81AB-E34025DED080}.Debug|x86.Build.0 = Debug|Any CPU
		{B63C095F-0493-477C-81AB-E34025DED080}.Release|Any CPU.ActiveCfg = Release|Any CPU
		{B63C095F-0493-477C-81AB-E34025DED080}.Release|Any CPU.Build.0 = Release|Any CPU
		{B63C095F-0493-477C-81AB-E34025DED080}.Release|x64.ActiveCfg = Release|Any CPU
		{B63C095F-0493-477C-81AB-E34025DED080}.Release|x64.Build.0 = Release|Any CPU
		{B63C095F-0493-477C-81AB-E34025DED080}.Release|x86.ActiveCfg = Release|Any CPU
		{B63C095F-0493-477C-81AB-E34025DED080}.Release|x86.Build.0 = Release|Any CPU
		{52D55FE9-7124-4AF2-8470-208E67AF72E9}.Debug|Any CPU.ActiveCfg = Debug|Any CPU
		{52D55FE9-7124-4AF2-8470-208E67AF72E9}.Debug|Any CPU.Build.0 = Debug|Any CPU
		{52D55FE9-7124-4AF2-8470-208E67AF72E9}.Debug|x64.ActiveCfg = Debug|Any CPU
		{52D55FE9-7124-4AF2-8470-208E67AF72E9}.Debug|x64.Build.0 = Debug|Any CPU
		{52D55FE9-7124-4AF2-8470-208E67AF72E9}.Debug|x86.ActiveCfg = Debug|Any CPU
		{52D55FE9-7124-4AF2-8470-208E67AF72E9}.Debug|x86.Build.0 = Debug|Any CPU
		{52D55FE9-7124-4AF2-8470-208E67AF72E9}.Release|Any CPU.ActiveCfg = Release|Any CPU
		{52D55FE9-7124-4AF2-8470-208E67AF72E9}.Release|Any CPU.Build.0 = Release|Any CPU
		{52D55FE9-7124-4AF2-8470-208E67AF72E9}.Release|x64.ActiveCfg = Release|Any CPU
		{52D55FE9-7124-4AF2-8470-208E67AF72E9}.Release|x64.Build.0 = Release|Any CPU
		{52D55FE9-7124-4AF2-8470-208E67AF72E9}.Release|x86.ActiveCfg = Release|Any CPU
		{52D55FE9-7124-4AF2-8470-208E67AF72E9}.Release|x86.Build.0 = Release|Any CPU
		{5197A807-5949-4B08-8499-6559168C559E}.Debug|Any CPU.ActiveCfg = Debug|Any CPU
		{5197A807-5949-4B08-8499-6559168C559E}.Debug|Any CPU.Build.0 = Debug|Any CPU
		{5197A807-5949-4B08-8499-6559168C559E}.Debug|x64.ActiveCfg = Debug|Any CPU
		{5197A807-5949-4B08-8499-6559168C559E}.Debug|x64.Build.0 = Debug|Any CPU
		{5197A807-5949-4B08-8499-6559168C559E}.Debug|x86.ActiveCfg = Debug|Any CPU
		{5197A807-5949-4B08-8499-6559168C559E}.Debug|x86.Build.0 = Debug|Any CPU
		{5197A807-5949-4B08-8499-6559168C559E}.Release|Any CPU.ActiveCfg = Release|Any CPU
		{5197A807-5949-4B08-8499-6559168C559E}.Release|Any CPU.Build.0 = Release|Any CPU
		{5197A807-5949-4B08-8499-6559168C559E}.Release|x64.ActiveCfg = Release|Any CPU
		{5197A807-5949-4B08-8499-6559168C559E}.Release|x64.Build.0 = Release|Any CPU
		{5197A807-5949-4B08-8499-6559168C559E}.Release|x86.ActiveCfg = Release|Any CPU
		{5197A807-5949-4B08-8499-6559168C559E}.Release|x86.Build.0 = Release|Any CPU
	EndGlobalSection
	GlobalSection(SolutionProperties) = preSolution
		HideSolutionNode = FALSE
	EndGlobalSection
EndGlobal
